
Microsoft Visual Studio Solution File, Format Version 11.00
# Visual C++ Express 2010
Project("{8BC9CEB8-8B4A-11D0-8D11-00A0C91BC942}") = "N-Queens", "N-Queens\N-Queens.vcxproj", "{CA5556A5-4DE3-43CF-BF2C-1335379D4D64}"
EndProject
Global
	GlobalSection(SolutionConfigurationPlatforms) = preSolution
		Debug|Win32 = Debug|Win32
		Release|Win32 = Release|Win32
	EndGlobalSection
	GlobalSection(ProjectConfigurationPlatforms) = postSolution
		{CA5556A5-4DE3-43CF-BF2C-1335379D4D64}.Debug|Win32.ActiveCfg = Debug|Win32
		{CA5556A5-4DE3-43CF-BF2C-1335379D4D64}.Debug|Win32.Build.0 = Debug|Win32
		{CA5556A5-4DE3-43CF-BF2C-1335379D4D64}.Release|Win32.ActiveCfg = Release|Win32
		{CA5556A5-4DE3-43CF-BF2C-1335379D4D64}.Release|Win32.Build.0 = Release|Win32
	EndGlobalSection
	GlobalSection(SolutionProperties) = preSolution
		HideSolutionNode = FALSE
	EndGlobalSection
EndGlobal
